
Microsoft Visual Studio Solution File, Format Version 12.00
# Visual Studio 14
VisualStudioVersion = 14.0.23107.0
MinimumVisualStudioVersion = 10.0.40219.1
Project("{FAE04EC0-301F-11D3-BF4B-00C04F79EFBC}") = "TextMatch", "TextMatch\TextMatch.csproj", "{68F2C056-51EC-4948-A7E9-C9CBD6F0C501}"
EndProject
Project("{FAE04EC0-301F-11D3-BF4B-00C04F79EFBC}") = "TextMatch.Tests", "TextMatch.Tests\TextMatch.Tests.csproj", "{1B3D4CD9-5EEF-4B00-B6CD-DB106E7E1AB0}"
EndProject
Global
	GlobalSection(SolutionConfigurationPlatforms) = preSolution
		Debug|Any CPU = Debug|Any CPU
		Release|Any CPU = Release|Any CPU
	EndGlobalSection
	GlobalSection(ProjectConfigurationPlatforms) = postSolution
		{68F2C056-51EC-4948-A7E9-C9CBD6F0C501}.Debug|Any CPU.ActiveCfg = Debug|Any CPU
		{68F2C056-51EC-4948-A7E9-C9CBD6F0C501}.Debug|Any CPU.Build.0 = Debug|Any CPU
		{68F2C056-51EC-4948-A7E9-C9CBD6F0C501}.Release|Any CPU.ActiveCfg = Release|Any CPU
		{68F2C056-51EC-4948-A7E9-C9CBD6F0C501}.Release|Any CPU.Build.0 = Release|Any CPU
		{1B3D4CD9-5EEF-4B00-B6CD-DB106E7E1AB0}.Debug|Any CPU.ActiveCfg = Debug|Any CPU
		{1B3D4CD9-5EEF-4B00-B6CD-DB106E7E1AB0}.Debug|Any CPU.Build.0 = Debug|Any CPU
		{1B3D4CD9-5EEF-4B00-B6CD-DB106E7E1AB0}.Release|Any CPU.ActiveCfg = Release|Any CPU
		{1B3D4CD9-5EEF-4B00-B6CD-DB106E7E1AB0}.Release|Any CPU.Build.0 = Release|Any CPU
	EndGlobalSection
	GlobalSection(SolutionProperties) = preSolution
		HideSolutionNode = FALSE
	EndGlobalSection
EndGlobal
